
Microsoft Visual Studio Solution File, Format Version 12.00
# Visual Studio Version 17
VisualStudioVersion = 17.14.36121.58 d17.14
MinimumVisualStudioVersion = 10.0.40219.1
Project("{FAE04EC0-301F-11D3-BF4B-00C04F79EFBC}") = "UserManagementServices", "UserManagementServices\UserManagementServices.csproj", "{1B8B9A11-4466-4D43-903A-6CF872E21502}"
EndProject
Global
	GlobalSection(SolutionConfigurationPlatforms) = preSolution
		Debug|Any CPU = Debug|Any CPU
		Release|Any CPU = Release|Any CPU
	EndGlobalSection
	GlobalSection(ProjectConfigurationPlatforms) = postSolution
		{1B8B9A11-4466-4D43-903A-6CF872E21502}.Debug|Any CPU.ActiveCfg = Debug|Any CPU
		{1B8B9A11-4466-4D43-903A-6CF872E21502}.Debug|Any CPU.Build.0 = Debug|Any CPU
		{1B8B9A11-4466-4D43-903A-6CF872E21502}.Release|Any CPU.ActiveCfg = Release|Any CPU
		{1B8B9A11-4466-4D43-903A-6CF872E21502}.Release|Any CPU.Build.0 = Release|Any CPU
	EndGlobalSection
	GlobalSection(SolutionProperties) = preSolution
		HideSolutionNode = FALSE
	EndGlobalSection
	GlobalSection(ExtensibilityGlobals) = postSolution
		SolutionGuid = {1D62370A-478B-4FD3-ABA6-5D44B60CB771}
	EndGlobalSection
EndGlobal
